
Microsoft Visual Studio Solution File, Format Version 12.00
# Visual Studio 2015
Project("{FAE04EC0-301F-11D3-BF4B-00C04F79EFBC}") = "ZooPrototype2.Plugins", "ZooPrototype2.Plugins.csproj", "{5F3FCEE1-E68D-A867-333D-83C23E58AFC1}"
EndProject
Project("{FAE04EC0-301F-11D3-BF4B-00C04F79EFBC}") = "ZooPrototype2.Editor", "ZooPrototype2.Editor.csproj", "{B07A6244-A052-3976-A7D1-BC06FC128651}"
EndProject
Global
	GlobalSection(SolutionConfigurationPlatforms) = preSolution
		Debug|Any CPU = Debug|Any CPU
		Release|Any CPU = Release|Any CPU
	EndGlobalSection
	GlobalSection(ProjectConfigurationPlatforms) = postSolution
		{5F3FCEE1-E68D-A867-333D-83C23E58AFC1}.Debug|Any CPU.ActiveCfg = Debug|Any CPU
		{5F3FCEE1-E68D-A867-333D-83C23E58AFC1}.Debug|Any CPU.Build.0 = Debug|Any CPU
		{5F3FCEE1-E68D-A867-333D-83C23E58AFC1}.Release|Any CPU.ActiveCfg = Release|Any CPU
		{5F3FCEE1-E68D-A867-333D-83C23E58AFC1}.Release|Any CPU.Build.0 = Release|Any CPU
		{B07A6244-A052-3976-A7D1-BC06FC128651}.Debug|Any CPU.ActiveCfg = Debug|Any CPU
		{B07A6244-A052-3976-A7D1-BC06FC128651}.Debug|Any CPU.Build.0 = Debug|Any CPU
		{B07A6244-A052-3976-A7D1-BC06FC128651}.Release|Any CPU.ActiveCfg = Release|Any CPU
		{B07A6244-A052-3976-A7D1-BC06FC128651}.Release|Any CPU.Build.0 = Release|Any CPU
	EndGlobalSection
	GlobalSection(SolutionProperties) = preSolution
		HideSolutionNode = FALSE
	EndGlobalSection
EndGlobal
